
Microsoft Visual Studio Solution File, Format Version 12.00
# Visual Studio Version 16
VisualStudioVersion = 16.0.31105.61
MinimumVisualStudioVersion = 10.0.40219.1
Project("{FAE04EC0-301F-11D3-BF4B-00C04F79EFBC}") = "ChatClient", "ChatClient\ChatClient.csproj", "{488FE77E-60AF-451D-BBF7-5C83924D7409}"
EndProject
Global
	GlobalSection(SolutionConfigurationPlatforms) = preSolution
		Debug|Any CPU = Debug|Any CPU
		Release|Any CPU = Release|Any CPU
	EndGlobalSection
	GlobalSection(ProjectConfigurationPlatforms) = postSolution
		{488FE77E-60AF-451D-BBF7-5C83924D7409}.Debug|Any CPU.ActiveCfg = Debug|Any CPU
		{488FE77E-60AF-451D-BBF7-5C83924D7409}.Debug|Any CPU.Build.0 = Debug|Any CPU
		{488FE77E-60AF-451D-BBF7-5C83924D7409}.Release|Any CPU.ActiveCfg = Release|Any CPU
		{488FE77E-60AF-451D-BBF7-5C83924D7409}.Release|Any CPU.Build.0 = Release|Any CPU
	EndGlobalSection
	GlobalSection(SolutionProperties) = preSolution
		HideSolutionNode = FALSE
	EndGlobalSection
	GlobalSection(ExtensibilityGlobals) = postSolution
		SolutionGuid = {203FC751-B467-42D8-AB8E-B172263681C7}
	EndGlobalSection
EndGlobal
